# This file is autogenerated, do not edit; changes may be undone by the next 'dep ensure'.


[[projects]]
  name = "github.com/pkg/errors"
  packages = ["."]
  revision = "645ef00459ed84a119197bfb8d8205042c6df63d"
  version = "v0.8.0"

[[projects]]
  branch = "master"
  name = "github.com/tarm/serial"
  packages = ["."]
  revision = "eaafced92e9619f03c72527efeab21e326f3bc36"

[[projects]]
  branch = "master"
  name = "golang.org/x/sys"
  packages = ["unix"]
  revision = "64746a42f36bf0832f86b76004f1699dbeb33e4f"

[solve-meta]
  analyzer-name = "dep"
  analyzer-version = 1
  inputs-digest = "7bc3c1ed3f6b4b7852e300b59ba3404ea4209249528b537d9ca5d07b36cea7d8"
  solver-name = "gps-cdcl"
  solver-version = 1
